// !$*UTF8*$!
{
	archiveVersion = 1;
	classes = {
	};
	objectVersion = 56;
	objects = {

/* Begin PBXBuildFile section */
		7284C587296E013F00358533 /* APIService.swift in Sources */ = {isa = PBXBuildFile; fileRef = 7284C585296E013E00358533 /* APIService.swift */; };
		7284C588296E013F00358533 /* NetworkMonitor.swift in Sources */ = {isa = PBXBuildFile; fileRef = 7284C586296E013E00358533 /* NetworkMonitor.swift */; };
		7284C58E296E015300358533 /* ATMModel.swift in Sources */ = {isa = PBXBuildFile; fileRef = 7284C58A296E015300358533 /* ATMModel.swift */; };
		7284C58F296E015300358533 /* SectionModel.swift in Sources */ = {isa = PBXBuildFile; fileRef = 7284C58B296E015300358533 /* SectionModel.swift */; };
		7284C590296E015300358533 /* CustomAnnotationModel.swift in Sources */ = {isa = PBXBuildFile; fileRef = 7284C58C296E015300358533 /* CustomAnnotationModel.swift */; };
		7284C591296E015300358533 /* DetailsModel.swift in Sources */ = {isa = PBXBuildFile; fileRef = 7284C58D296E015300358533 /* DetailsModel.swift */; };
		7284C598296E015900358533 /* DetailsTableViewCell.swift in Sources */ = {isa = PBXBuildFile; fileRef = 7284C593296E015900358533 /* DetailsTableViewCell.swift */; };
		7284C599296E015900358533 /* CustomAnnotationView.swift in Sources */ = {isa = PBXBuildFile; fileRef = 7284C594296E015900358533 /* CustomAnnotationView.swift */; };
		7284C59A296E015900358533 /* CalloutView.swift in Sources */ = {isa = PBXBuildFile; fileRef = 7284C595296E015900358533 /* CalloutView.swift */; };
		7284C59B296E015900358533 /* ListCollectionViewCell.swift in Sources */ = {isa = PBXBuildFile; fileRef = 7284C596296E015900358533 /* ListCollectionViewCell.swift */; };
		7284C59C296E015900358533 /* HeaderCollectionReusableView.swift in Sources */ = {isa = PBXBuildFile; fileRef = 7284C597296E015900358533 /* HeaderCollectionReusableView.swift */; };
		7284C5A1296E017800358533 /* ViewController.swift in Sources */ = {isa = PBXBuildFile; fileRef = 7284C59E296E017800358533 /* ViewController.swift */; };
		7284C5A2296E017800358533 /* DetailsViewController.swift in Sources */ = {isa = PBXBuildFile; fileRef = 7284C59F296E017800358533 /* DetailsViewController.swift */; };
		7284C5A3296E017800358533 /* ATMListViewController.swift in Sources */ = {isa = PBXBuildFile; fileRef = 7284C5A0296E017800358533 /* ATMListViewController.swift */; };
		7284C5B0296E017E00358533 /* Assets.xcassets in Resources */ = {isa = PBXBuildFile; fileRef = 7284C5A5296E017E00358533 /* Assets.xcassets */; };
		7284C5B1296E017E00358533 /* LaunchScreen.storyboard in Resources */ = {isa = PBXBuildFile; fileRef = 7284C5A6296E017E00358533 /* LaunchScreen.storyboard */; };
		7284C5B2296E017E00358533 /* UIColor+ext.swift in Sources */ = {isa = PBXBuildFile; fileRef = 7284C5A9296E017E00358533 /* UIColor+ext.swift */; };
		7284C5B3296E017E00358533 /* UIViewController+ext.swift in Sources */ = {isa = PBXBuildFile; fileRef = 7284C5AA296E017E00358533 /* UIViewController+ext.swift */; };
		7284C5B4296E017E00358533 /* LaunchScreen.strings in Resources */ = {isa = PBXBuildFile; fileRef = 7284C5AB296E017E00358533 /* LaunchScreen.strings */; };
		7284C5B5296E017E00358533 /* AppDelegate.swift in Sources */ = {isa = PBXBuildFile; fileRef = 7284C5AD296E017E00358533 /* AppDelegate.swift */; };
		7284C5B7296E017E00358533 /* SceneDelegate.swift in Sources */ = {isa = PBXBuildFile; fileRef = 7284C5AF296E017E00358533 /* SceneDelegate.swift */; };
		A40A7454F1DF184AE8CD84C6 /* Pods_Task4.framework in Frameworks */ = {isa = PBXBuildFile; fileRef = F4AEA218A1046207176C90D2 /* Pods_Task4.framework */; };
/* End PBXBuildFile section */

/* Begin PBXFileReference section */
		0B71A8361F66613328FAEAA1 /* Pods-Task4.release.xcconfig */ = {isa = PBXFileReference; includeInIndex = 1; lastKnownFileType = text.xcconfig; name = "Pods-Task4.release.xcconfig"; path = "Target Support Files/Pods-Task4/Pods-Task4.release.xcconfig"; sourceTree = "<group>"; };
		7284C56D296E010100358533 /* Task4.app */ = {isa = PBXFileReference; explicitFileType = wrapper.application; includeInIndex = 0; path = Task4.app; sourceTree = BUILT_PRODUCTS_DIR; };
		7284C585296E013E00358533 /* APIService.swift */ = {isa = PBXFileReference; fileEncoding = 4; lastKnownFileType = sourcecode.swift; path = APIService.swift; sourceTree = "<group>"; };
		7284C586296E013E00358533 /* NetworkMonitor.swift */ = {isa = PBXFileReference; fileEncoding = 4; lastKnownFileType = sourcecode.swift; path = NetworkMonitor.swift; sourceTree = "<group>"; };
		7284C58A296E015300358533 /* ATMModel.swift */ = {isa = PBXFileReference; fileEncoding = 4; lastKnownFileType = sourcecode.swift; path = ATMModel.swift; sourceTree = "<group>"; };
		7284C58B296E015300358533 /* SectionModel.swift */ = {isa = PBXFileReference; fileEncoding = 4; lastKnownFileType = sourcecode.swift; path = SectionModel.swift; sourceTree = "<group>"; };
		7284C58C296E015300358533 /* CustomAnnotationModel.swift */ = {isa = PBXFileReference; fileEncoding = 4; lastKnownFileType = sourcecode.swift; path = CustomAnnotationModel.swift; sourceTree = "<group>"; };
		7284C58D296E015300358533 /* DetailsModel.swift */ = {isa = PBXFileReference; fileEncoding = 4; lastKnownFileType = sourcecode.swift; path = DetailsModel.swift; sourceTree = "<group>"; };
		7284C593296E015900358533 /* DetailsTableViewCell.swift */ = {isa = PBXFileReference; fileEncoding = 4; lastKnownFileType = sourcecode.swift; path = DetailsTableViewCell.swift; sourceTree = "<group>"; };
		7284C594296E015900358533 /* CustomAnnotationView.swift */ = {isa = PBXFileReference; fileEncoding = 4; lastKnownFileType = sourcecode.swift; path = CustomAnnotationView.swift; sourceTree = "<group>"; };
		7284C595296E015900358533 /* CalloutView.swift */ = {isa = PBXFileReference; fileEncoding = 4; lastKnownFileType = sourcecode.swift; path = CalloutView.swift; sourceTree = "<group>"; };
		7284C596296E015900358533 /* ListCollectionViewCell.swift */ = {isa = PBXFileReference; fileEncoding = 4; lastKnownFileType = sourcecode.swift; path = ListCollectionViewCell.swift; sourceTree = "<group>"; };
		7284C597296E015900358533 /* HeaderCollectionReusableView.swift */ = {isa = PBXFileReference; fileEncoding = 4; lastKnownFileType = sourcecode.swift; path = HeaderCollectionReusableView.swift; sourceTree = "<group>"; };
		7284C59E296E017800358533 /* ViewController.swift */ = {isa = PBXFileReference; fileEncoding = 4; lastKnownFileType = sourcecode.swift; path = ViewController.swift; sourceTree = "<group>"; };
		7284C59F296E017800358533 /* DetailsViewController.swift */ = {isa = PBXFileReference; fileEncoding = 4; lastKnownFileType = sourcecode.swift; path = DetailsViewController.swift; sourceTree = "<group>"; };
		7284C5A0296E017800358533 /* ATMListViewController.swift */ = {isa = PBXFileReference; fileEncoding = 4; lastKnownFileType = sourcecode.swift; path = ATMListViewController.swift; sourceTree = "<group>"; };
		7284C5A5296E017E00358533 /* Assets.xcassets */ = {isa = PBXFileReference; lastKnownFileType = folder.assetcatalog; path = Assets.xcassets; sourceTree = "<group>"; };
		7284C5A7296E017E00358533 /* Base */ = {isa = PBXFileReference; lastKnownFileType = file.storyboard; name = Base; path = Base.lproj/LaunchScreen.storyboard; sourceTree = "<group>"; };
		7284C5A9296E017E00358533 /* UIColor+ext.swift */ = {isa = PBXFileReference; fileEncoding = 4; lastKnownFileType = sourcecode.swift; path = "UIColor+ext.swift"; sourceTree = "<group>"; };
		7284C5AA296E017E00358533 /* UIViewController+ext.swift */ = {isa = PBXFileReference; fileEncoding = 4; lastKnownFileType = sourcecode.swift; path = "UIViewController+ext.swift"; sourceTree = "<group>"; };
		7284C5AC296E017E00358533 /* ru */ = {isa = PBXFileReference; lastKnownFileType = text.plist.strings; name = ru; path = ru.lproj/LaunchScreen.strings; sourceTree = "<group>"; };
		7284C5AD296E017E00358533 /* AppDelegate.swift */ = {isa = PBXFileReference; fileEncoding = 4; lastKnownFileType = sourcecode.swift; path = AppDelegate.swift; sourceTree = "<group>"; };
		7284C5AE296E017E00358533 /* Info.plist */ = {isa = PBXFileReference; fileEncoding = 4; lastKnownFileType = text.plist.xml; path = Info.plist; sourceTree = "<group>"; };
		7284C5AF296E017E00358533 /* SceneDelegate.swift */ = {isa = PBXFileReference; fileEncoding = 4; lastKnownFileType = sourcecode.swift; path = SceneDelegate.swift; sourceTree = "<group>"; };
		F4AEA218A1046207176C90D2 /* Pods_Task4.framework */ = {isa = PBXFileReference; explicitFileType = wrapper.framework; includeInIndex = 0; path = Pods_Task4.framework; sourceTree = BUILT_PRODUCTS_DIR; };
		F9C4CDE989E2B3A9ABC5F7A7 /* Pods-Task4.debug.xcconfig */ = {isa = PBXFileReference; includeInIndex = 1; lastKnownFileType = text.xcconfig; name = "Pods-Task4.debug.xcconfig"; path = "Target Support Files/Pods-Task4/Pods-Task4.debug.xcconfig"; sourceTree = "<group>"; };
/* End PBXFileReference section */

/* Begin PBXFrameworksBuildPhase section */
		7284C56A296E010100358533 /* Frameworks */ = {
			isa = PBXFrameworksBuildPhase;
			buildActionMask = 2147483647;
			files = (
				A40A7454F1DF184AE8CD84C6 /* Pods_Task4.framework in Frameworks */,
			);
			runOnlyForDeploymentPostprocessing = 0;
		};
/* End PBXFrameworksBuildPhase section */

/* Begin PBXGroup section */
		2EB0E30F2DF27DDF02BB84F6 /* Frameworks */ = {
			isa = PBXGroup;
			children = (
				F4AEA218A1046207176C90D2 /* Pods_Task4.framework */,
			);
			name = Frameworks;
			sourceTree = "<group>";
		};
		7284C564296E010100358533 = {
			isa = PBXGroup;
			children = (
				7284C56F296E010100358533 /* Task4 */,
				7284C56E296E010100358533 /* Products */,
				9231BCA8B9CD08BB9F27A99E /* Pods */,
				2EB0E30F2DF27DDF02BB84F6 /* Frameworks */,
			);
			sourceTree = "<group>";
		};
		7284C56E296E010100358533 /* Products */ = {
			isa = PBXGroup;
			children = (
				7284C56D296E010100358533 /* Task4.app */,
			);
			name = Products;
			sourceTree = "<group>";
		};
		7284C56F296E010100358533 /* Task4 */ = {
			isa = PBXGroup;
			children = (
				7284C589296E015300358533 /* Models */,
				7284C592296E015900358533 /* Views */,
				7284C59D296E017800358533 /* Controllers */,
				7284C584296E013E00358533 /* Services */,
				7284C5A4296E017E00358533 /* Support files */,
			);
			path = Task4;
			sourceTree = "<group>";
		};
		7284C584296E013E00358533 /* Services */ = {
			isa = PBXGroup;
			children = (
				7284C585296E013E00358533 /* APIService.swift */,
				7284C586296E013E00358533 /* NetworkMonitor.swift */,
			);
			path = Services;
			sourceTree = "<group>";
		};
		7284C589296E015300358533 /* Models */ = {
			isa = PBXGroup;
			children = (
				7284C58A296E015300358533 /* ATMModel.swift */,
				7284C58B296E015300358533 /* SectionModel.swift */,
				7284C58C296E015300358533 /* CustomAnnotationModel.swift */,
				7284C58D296E015300358533 /* DetailsModel.swift */,
			);
			path = Models;
			sourceTree = "<group>";
		};
		7284C592296E015900358533 /* Views */ = {
			isa = PBXGroup;
			children = (
				7284C593296E015900358533 /* DetailsTableViewCell.swift */,
				7284C594296E015900358533 /* CustomAnnotationView.swift */,
				7284C595296E015900358533 /* CalloutView.swift */,
				7284C596296E015900358533 /* ListCollectionViewCell.swift */,
				7284C597296E015900358533 /* HeaderCollectionReusableView.swift */,
			);
			path = Views;
			sourceTree = "<group>";
		};
		7284C59D296E017800358533 /* Controllers */ = {
			isa = PBXGroup;
			children = (
				7284C59E296E017800358533 /* ViewController.swift */,
				7284C59F296E017800358533 /* DetailsViewController.swift */,
				7284C5A0296E017800358533 /* ATMListViewController.swift */,
			);
			path = Controllers;
			sourceTree = "<group>";
		};
		7284C5A4296E017E00358533 /* Support files */ = {
			isa = PBXGroup;
			children = (
				7284C5A5296E017E00358533 /* Assets.xcassets */,
				7284C5A6296E017E00358533 /* LaunchScreen.storyboard */,
				7284C5A8296E017E00358533 /* Extensions */,
				7284C5AB296E017E00358533 /* LaunchScreen.strings */,
				7284C5AD296E017E00358533 /* AppDelegate.swift */,
				7284C5AE296E017E00358533 /* Info.plist */,
				7284C5AF296E017E00358533 /* SceneDelegate.swift */,
			);
			path = "Support files";
			sourceTree = "<group>";
		};
		7284C5A8296E017E00358533 /* Extensions */ = {
			isa = PBXGroup;
			children = (
				7284C5A9296E017E00358533 /* UIColor+ext.swift */,
				7284C5AA296E017E00358533 /* UIViewController+ext.swift */,
			);
			path = Extensions;
			sourceTree = "<group>";
		};
		9231BCA8B9CD08BB9F27A99E /* Pods */ = {
			isa = PBXGroup;
			children = (
				F9C4CDE989E2B3A9ABC5F7A7 /* Pods-Task4.debug.xcconfig */,
				0B71A8361F66613328FAEAA1 /* Pods-Task4.release.xcconfig */,
			);
			path = Pods;
			sourceTree = "<group>";
		};
/* End PBXGroup section */

/* Begin PBXNativeTarget section */
		7284C56C296E010100358533 /* Task4 */ = {
			isa = PBXNativeTarget;
			buildConfigurationList = 7284C581296E010200358533 /* Build configuration list for PBXNativeTarget "Task4" */;
			buildPhases = (
				B4AE5667741FF72645A88D6A /* [CP] Check Pods Manifest.lock */,
				7284C569296E010100358533 /* Sources */,
				7284C56A296E010100358533 /* Frameworks */,
				7284C56B296E010100358533 /* Resources */,
				7C50C67614617B597E621433 /* [CP] Embed Pods Frameworks */,
				7284C5B8296E042200358533 /* ShellScript */,
			);
			buildRules = (
			);
			dependencies = (
			);
			name = Task4;
			productName = Task4;
			productReference = 7284C56D296E010100358533 /* Task4.app */;
			productType = "com.apple.product-type.application";
		};
/* End PBXNativeTarget section */

/* Begin PBXProject section */
		7284C565296E010100358533 /* Project object */ = {
			isa = PBXProject;
			attributes = {
				BuildIndependentTargetsInParallel = 1;
				LastSwiftUpdateCheck = 1400;
				LastUpgradeCheck = 1400;
				TargetAttributes = {
					7284C56C296E010100358533 = {
						CreatedOnToolsVersion = 14.0.1;
					};
				};
			};
			buildConfigurationList = 7284C568296E010100358533 /* Build configuration list for PBXProject "Task4" */;
			compatibilityVersion = "Xcode 14.0";
			developmentRegion = en;
			hasScannedForEncodings = 0;
			knownRegions = (
				en,
				Base,
				ru,
			);
			mainGroup = 7284C564296E010100358533;
			productRefGroup = 7284C56E296E010100358533 /* Products */;
			projectDirPath = "";
			projectRoot = "";
			targets = (
				7284C56C296E010100358533 /* Task4 */,
			);
		};
/* End PBXProject section */

/* Begin PBXResourcesBuildPhase section */
		7284C56B296E010100358533 /* Resources */ = {
			isa = PBXResourcesBuildPhase;
			buildActionMask = 2147483647;
			files = (
				7284C5B0296E017E00358533 /* Assets.xcassets in Resources */,
				7284C5B4296E017E00358533 /* LaunchScreen.strings in Resources */,
				7284C5B1296E017E00358533 /* LaunchScreen.storyboard in Resources */,
			);
			runOnlyForDeploymentPostprocessing = 0;
		};
/* End PBXResourcesBuildPhase section */

/* Begin PBXShellScriptBuildPhase section */
		7284C5B8296E042200358533 /* ShellScript */ = {
			isa = PBXShellScriptBuildPhase;
			alwaysOutOfDate = 1;
			buildActionMask = 2147483647;
			files = (
			);
			inputFileListPaths = (
			);
			inputPaths = (
			);
			outputFileListPaths = (
			);
			outputPaths = (
			);
			runOnlyForDeploymentPostprocessing = 0;
			shellPath = /bin/sh;
			shellScript = "export PATH=\"$PATH:/opt/homebrew/bin\"\nif which swiftlint > /dev/null; then\n  swiftlint\nelse\n  echo \"warning: SwiftLint not installed, download from https://github.com/realm/SwiftLint\"\nfi\n";
		};
		7C50C67614617B597E621433 /* [CP] Embed Pods Frameworks */ = {
			isa = PBXShellScriptBuildPhase;
			buildActionMask = 2147483647;
			files = (
			);
			inputFileListPaths = (
				"${PODS_ROOT}/Target Support Files/Pods-Task4/Pods-Task4-frameworks-${CONFIGURATION}-input-files.xcfilelist",
			);
			name = "[CP] Embed Pods Frameworks";
			outputFileListPaths = (
				"${PODS_ROOT}/Target Support Files/Pods-Task4/Pods-Task4-frameworks-${CONFIGURATION}-output-files.xcfilelist",
			);
			runOnlyForDeploymentPostprocessing = 0;
			shellPath = /bin/sh;
			shellScript = "\"${PODS_ROOT}/Target Support Files/Pods-Task4/Pods-Task4-frameworks.sh\"\n";
			showEnvVarsInLog = 0;
		};
		B4AE5667741FF72645A88D6A /* [CP] Check Pods Manifest.lock */ = {
			isa = PBXShellScriptBuildPhase;
			buildActionMask = 2147483647;
			files = (
			);
			inputFileListPaths = (
			);
			inputPaths = (
				"${PODS_PODFILE_DIR_PATH}/Podfile.lock",
				"${PODS_ROOT}/Manifest.lock",
			);
			name = "[CP] Check Pods Manifest.lock";
			outputFileListPaths = (
			);
			outputPaths = (
				"$(DERIVED_FILE_DIR)/Pods-Task4-checkManifestLockResult.txt",
			);
			runOnlyForDeploymentPostprocessing = 0;
			shellPath = /bin/sh;
			shellScript = "diff \"${PODS_PODFILE_DIR_PATH}/Podfile.lock\" \"${PODS_ROOT}/Manifest.lock\" > /dev/null\nif [ $? != 0 ] ; then\n    # print error to STDERR\n    echo \"error: The sandbox is not in sync with the Podfile.lock. Run 'pod install' or update your CocoaPods installation.\" >&2\n    exit 1\nfi\n# This output is used by Xcode 'outputs' to avoid re-running this script phase.\necho \"SUCCESS\" > \"${SCRIPT_OUTPUT_FILE_0}\"\n";
			showEnvVarsInLog = 0;
		};
/* End PBXShellScriptBuildPhase section */

/* Begin PBXSourcesBuildPhase section */
		7284C569296E010100358533 /* Sources */ = {
			isa = PBXSourcesBuildPhase;
			buildActionMask = 2147483647;
			files = (
				7284C587296E013F00358533 /* APIService.swift in Sources */,
				7284C59C296E015900358533 /* HeaderCollectionReusableView.swift in Sources */,
				7284C588296E013F00358533 /* NetworkMonitor.swift in Sources */,
				7284C58E296E015300358533 /* ATMModel.swift in Sources */,
				7284C58F296E015300358533 /* SectionModel.swift in Sources */,
				7284C591296E015300358533 /* DetailsModel.swift in Sources */,
				7284C5A1296E017800358533 /* ViewController.swift in Sources */,
				7284C5A3296E017800358533 /* ATMListViewController.swift in Sources */,
				7284C59A296E015900358533 /* CalloutView.swift in Sources */,
				7284C59B296E015900358533 /* ListCollectionViewCell.swift in Sources */,
				7284C590296E015300358533 /* CustomAnnotationModel.swift in Sources */,
				7284C5B7296E017E00358533 /* SceneDelegate.swift in Sources */,
				7284C599296E015900358533 /* CustomAnnotationView.swift in Sources */,
				7284C5A2296E017800358533 /* DetailsViewController.swift in Sources */,
				7284C598296E015900358533 /* DetailsTableViewCell.swift in Sources */,
				7284C5B3296E017E00358533 /* UIViewController+ext.swift in Sources */,
				7284C5B5296E017E00358533 /* AppDelegate.swift in Sources */,
				7284C5B2296E017E00358533 /* UIColor+ext.swift in Sources */,
			);
			runOnlyForDeploymentPostprocessing = 0;
		};
/* End PBXSourcesBuildPhase section */

/* Begin PBXVariantGroup section */
		7284C5A6296E017E00358533 /* LaunchScreen.storyboard */ = {
			isa = PBXVariantGroup;
			children = (
				7284C5A7296E017E00358533 /* Base */,
			);
			name = LaunchScreen.storyboard;
			sourceTree = "<group>";
		};
		7284C5AB296E017E00358533 /* LaunchScreen.strings */ = {
			isa = PBXVariantGroup;
			children = (
				7284C5AC296E017E00358533 /* ru */,
			);
			name = LaunchScreen.strings;
			sourceTree = "<group>";
		};
/* End PBXVariantGroup section */

/* Begin XCBuildConfiguration section */
		7284C57F296E010200358533 /* Debug */ = {
			isa = XCBuildConfiguration;
			buildSettings = {
				ALWAYS_SEARCH_USER_PATHS = NO;
				CLANG_ANALYZER_LOCALIZABILITY_NONLOCALIZED = YES;
				CLANG_ANALYZER_NONNULL = YES;
				CLANG_ANALYZER_NUMBER_OBJECT_CONVERSION = YES_AGGRESSIVE;
				CLANG_CXX_LANGUAGE_STANDARD = "gnu++20";
				CLANG_ENABLE_MODULES = YES;
				CLANG_ENABLE_OBJC_ARC = YES;
				CLANG_ENABLE_OBJC_WEAK = YES;
				CLANG_WARN_BLOCK_CAPTURE_AUTORELEASING = YES;
				CLANG_WARN_BOOL_CONVERSION = YES;
				CLANG_WARN_COMMA = YES;
				CLANG_WARN_CONSTANT_CONVERSION = YES;
				CLANG_WARN_DEPRECATED_OBJC_IMPLEMENTATIONS = YES;
				CLANG_WARN_DIRECT_OBJC_ISA_USAGE = YES_ERROR;
				CLANG_WARN_DOCUMENTATION_COMMENTS = YES;
				CLANG_WARN_EMPTY_BODY = YES;
				CLANG_WARN_ENUM_CONVERSION = YES;
				CLANG_WARN_INFINITE_RECURSION = YES;
				CLANG_WARN_INT_CONVERSION = YES;
				CLANG_WARN_NON_LITERAL_NULL_CONVERSION = YES;
				CLANG_WARN_OBJC_IMPLICIT_RETAIN_SELF = YES;
				CLANG_WARN_OBJC_LITERAL_CONVERSION = YES;
				CLANG_WARN_OBJC_ROOT_CLASS = YES_ERROR;
				CLANG_WARN_QUOTED_INCLUDE_IN_FRAMEWORK_HEADER = YES;
				CLANG_WARN_RANGE_LOOP_ANALYSIS = YES;
				CLANG_WARN_STRICT_PROTOTYPES = YES;
				CLANG_WARN_SUSPICIOUS_MOVE = YES;
				CLANG_WARN_UNGUARDED_AVAILABILITY = YES_AGGRESSIVE;
				CLANG_WARN_UNREACHABLE_CODE = YES;
				CLANG_WARN__DUPLICATE_METHOD_MATCH = YES;
				COPY_PHASE_STRIP = NO;
				DEBUG_INFORMATION_FORMAT = dwarf;
				ENABLE_STRICT_OBJC_MSGSEND = YES;
				ENABLE_TESTABILITY = YES;
				GCC_C_LANGUAGE_STANDARD = gnu11;
				GCC_DYNAMIC_NO_PIC = NO;
				GCC_NO_COMMON_BLOCKS = YES;
				GCC_OPTIMIZATION_LEVEL = 0;
				GCC_PREPROCESSOR_DEFINITIONS = (
					"DEBUG=1",
					"$(inherited)",
				);
				GCC_WARN_64_TO_32_BIT_CONVERSION = YES;
				GCC_WARN_ABOUT_RETURN_TYPE = YES_ERROR;
				GCC_WARN_UNDECLARED_SELECTOR = YES;
				GCC_WARN_UNINITIALIZED_AUTOS = YES_AGGRESSIVE;
				GCC_WARN_UNUSED_FUNCTION = YES;
				GCC_WARN_UNUSED_VARIABLE = YES;
				IPHONEOS_DEPLOYMENT_TARGET = 16.0;
				MTL_ENABLE_DEBUG_INFO = INCLUDE_SOURCE;
				MTL_FAST_MATH = YES;
				ONLY_ACTIVE_ARCH = YES;
				SDKROOT = iphoneos;
				SWIFT_ACTIVE_COMPILATION_CONDITIONS = DEBUG;
				SWIFT_OPTIMIZATION_LEVEL = "-Onone";
			};
			name = Debug;
		};
		7284C580296E010200358533 /* Release */ = {
			isa = XCBuildConfiguration;
			buildSettings = {
				ALWAYS_SEARCH_USER_PATHS = NO;
				CLANG_ANALYZER_LOCALIZABILITY_NONLOCALIZED = YES;
				CLANG_ANALYZER_NONNULL = YES;
				CLANG_ANALYZER_NUMBER_OBJECT_CONVERSION = YES_AGGRESSIVE;
				CLANG_CXX_LANGUAGE_STANDARD = "gnu++20";
				CLANG_ENABLE_MODULES = YES;
				CLANG_ENABLE_OBJC_ARC = YES;
				CLANG_ENABLE_OBJC_WEAK = YES;
				CLANG_WARN_BLOCK_CAPTURE_AUTORELEASING = YES;
				CLANG_WARN_BOOL_CONVERSION = YES;
				CLANG_WARN_COMMA = YES;
				CLANG_WARN_CONSTANT_CONVERSION = YES;
				CLANG_WARN_DEPRECATED_OBJC_IMPLEMENTATIONS = YES;
				CLANG_WARN_DIRECT_OBJC_ISA_USAGE = YES_ERROR;
				CLANG_WARN_DOCUMENTATION_COMMENTS = YES;
				CLANG_WARN_EMPTY_BODY = YES;
				CLANG_WARN_ENUM_CONVERSION = YES;
				CLANG_WARN_INFINITE_RECURSION = YES;
				CLANG_WARN_INT_CONVERSION = YES;
				CLANG_WARN_NON_LITERAL_NULL_CONVERSION = YES;
				CLANG_WARN_OBJC_IMPLICIT_RETAIN_SELF = YES;
				CLANG_WARN_OBJC_LITERAL_CONVERSION = YES;
				CLANG_WARN_OBJC_ROOT_CLASS = YES_ERROR;
				CLANG_WARN_QUOTED_INCLUDE_IN_FRAMEWORK_HEADER = YES;
				CLANG_WARN_RANGE_LOOP_ANALYSIS = YES;
				CLANG_WARN_STRICT_PROTOTYPES = YES;
				CLANG_WARN_SUSPICIOUS_MOVE = YES;
				CLANG_WARN_UNGUARDED_AVAILABILITY = YES_AGGRESSIVE;
				CLANG_WARN_UNREACHABLE_CODE = YES;
				CLANG_WARN__DUPLICATE_METHOD_MATCH = YES;
				COPY_PHASE_STRIP = NO;
				DEBUG_INFORMATION_FORMAT = "dwarf-with-dsym";
				ENABLE_NS_ASSERTIONS = NO;
				ENABLE_STRICT_OBJC_MSGSEND = YES;
				GCC_C_LANGUAGE_STANDARD = gnu11;
				GCC_NO_COMMON_BLOCKS = YES;
				GCC_WARN_64_TO_32_BIT_CONVERSION = YES;
				GCC_WARN_ABOUT_RETURN_TYPE = YES_ERROR;
				GCC_WARN_UNDECLARED_SELECTOR = YES;
				GCC_WARN_UNINITIALIZED_AUTOS = YES_AGGRESSIVE;
				GCC_WARN_UNUSED_FUNCTION = YES;
				GCC_WARN_UNUSED_VARIABLE = YES;
				IPHONEOS_DEPLOYMENT_TARGET = 16.0;
				MTL_ENABLE_DEBUG_INFO = NO;
				MTL_FAST_MATH = YES;
				SDKROOT = iphoneos;
				SWIFT_COMPILATION_MODE = wholemodule;
				SWIFT_OPTIMIZATION_LEVEL = "-O";
				VALIDATE_PRODUCT = YES;
			};
			name = Release;
		};
		7284C582296E010200358533 /* Debug */ = {
			isa = XCBuildConfiguration;
			baseConfigurationReference = F9C4CDE989E2B3A9ABC5F7A7 /* Pods-Task4.debug.xcconfig */;
			buildSettings = {
				ASSETCATALOG_COMPILER_APPICON_NAME = AppIcon;
				ASSETCATALOG_COMPILER_GLOBAL_ACCENT_COLOR_NAME = AccentColor;
				CODE_SIGN_STYLE = Automatic;
				CURRENT_PROJECT_VERSION = 1;
				DEVELOPMENT_TEAM = B6Y7YG7T65;
				GENERATE_INFOPLIST_FILE = YES;
				INFOPLIST_FILE = "Task4/Support files/Info.plist";
				INFOPLIST_KEY_UIApplicationSupportsIndirectInputEvents = YES;
				INFOPLIST_KEY_UILaunchStoryboardName = LaunchScreen;
				INFOPLIST_KEY_UISupportedInterfaceOrientations_iPad = "UIInterfaceOrientationPortrait UIInterfaceOrientationPortraitUpsideDown UIInterfaceOrientationLandscapeLeft UIInterfaceOrientationLandscapeRight";
				INFOPLIST_KEY_UISupportedInterfaceOrientations_iPhone = "UIInterfaceOrientationPortrait UIInterfaceOrientationLandscapeLeft UIInterfaceOrientationLandscapeRight";
				LD_RUNPATH_SEARCH_PATHS = (
					"$(inherited)",
					"@executable_path/Frameworks",
				);
				MARKETING_VERSION = 1.0;
				PRODUCT_BUNDLE_IDENTIFIER = clevertec.saiko.Task4;
				PRODUCT_NAME = "$(TARGET_NAME)";
				SWIFT_EMIT_LOC_STRINGS = YES;
				SWIFT_VERSION = 5.0;
				TARGETED_DEVICE_FAMILY = "1,2";
			};
			name = Debug;
		};
		7284C583296E010200358533 /* Release */ = {
			isa = XCBuildConfiguration;
			baseConfigurationReference = 0B71A8361F66613328FAEAA1 /* Pods-Task4.release.xcconfig */;
			buildSettings = {
				ASSETCATALOG_COMPILER_APPICON_NAME = AppIcon;
				ASSETCATALOG_COMPILER_GLOBAL_ACCENT_COLOR_NAME = AccentColor;
				CODE_SIGN_STYLE = Automatic;
				CURRENT_PROJECT_VERSION = 1;
				DEVELOPMENT_TEAM = B6Y7YG7T65;
				GENERATE_INFOPLIST_FILE = YES;
				INFOPLIST_FILE = "Task4/Support files/Info.plist";
				INFOPLIST_KEY_UIApplicationSupportsIndirectInputEvents = YES;
				INFOPLIST_KEY_UILaunchStoryboardName = LaunchScreen;
				INFOPLIST_KEY_UISupportedInterfaceOrientations_iPad = "UIInterfaceOrientationPortrait UIInterfaceOrientationPortraitUpsideDown UIInterfaceOrientationLandscapeLeft UIInterfaceOrientationLandscapeRight";
				INFOPLIST_KEY_UISupportedInterfaceOrientations_iPhone = "UIInterfaceOrientationPortrait UIInterfaceOrientationLandscapeLeft UIInterfaceOrientationLandscapeRight";
				LD_RUNPATH_SEARCH_PATHS = (
					"$(inherited)",
					"@executable_path/Frameworks",
				);
				MARKETING_VERSION = 1.0;
				PRODUCT_BUNDLE_IDENTIFIER = clevertec.saiko.Task4;
				PRODUCT_NAME = "$(TARGET_NAME)";
				SWIFT_EMIT_LOC_STRINGS = YES;
				SWIFT_VERSION = 5.0;
				TARGETED_DEVICE_FAMILY = "1,2";
			};
			name = Release;
		};
/* End XCBuildConfiguration section */

/* Begin XCConfigurationList section */
		7284C568296E010100358533 /* Build configuration list for PBXProject "Task4" */ = {
			isa = XCConfigurationList;
			buildConfigurations = (
				7284C57F296E010200358533 /* Debug */,
				7284C580296E010200358533 /* Release */,
			);
			defaultConfigurationIsVisible = 0;
			defaultConfigurationName = Release;
		};
		7284C581296E010200358533 /* Build configuration list for PBXNativeTarget "Task4" */ = {
			isa = XCConfigurationList;
			buildConfigurations = (
				7284C582296E010200358533 /* Debug */,
				7284C583296E010200358533 /* Release */,
			);
			defaultConfigurationIsVisible = 0;
			defaultConfigurationName = Release;
		};
/* End XCConfigurationList section */
	};
	rootObject = 7284C565296E010100358533 /* Project object */;
}
